
Microsoft Visual Studio Solution File, Format Version 12.00
# Visual Studio 14
VisualStudioVersion = 14.0.24720.0
MinimumVisualStudioVersion = 10.0.40219.1
Project("{F184B08F-C81C-45F6-A57F-5ABD9991F28F}") = "CasparCGAddIn", "CasparCGAddIn\CasparCGAddIn.vbproj", "{563A3AAC-C8BF-442C-88D4-CEE57BC6E6B2}"
EndProject
Project("{F184B08F-C81C-45F6-A57F-5ABD9991F28F}") = "CasparObjects", "..\ZZZ_Common\CasparObjects\CasparObjects.vbproj", "{EE1B6A2B-16A9-4752-9BDA-2EDBF97CB665}"
EndProject
Project("{6141683F-8A12-4E36-9623-2EB02B2C2303}") = "CasparCGAddInSetup", "CasparCGAddInSetup\CasparCGAddInSetup.isproj", "{57D84540-66F4-4FB0-AE14-556AFAA11C5D}"
	ProjectSection(ProjectDependencies) = postProject
		{563A3AAC-C8BF-442C-88D4-CEE57BC6E6B2} = {563A3AAC-C8BF-442C-88D4-CEE57BC6E6B2}
	EndProjectSection
EndProject
Global
	GlobalSection(SolutionConfigurationPlatforms) = preSolution
		CD_ROM|Any CPU = CD_ROM|Any CPU
		Debug|Any CPU = Debug|Any CPU
		DVD-5|Any CPU = DVD-5|Any CPU
		Release|Any CPU = Release|Any CPU
		SingleImage|Any CPU = SingleImage|Any CPU
	EndGlobalSection
	GlobalSection(ProjectConfigurationPlatforms) = postSolution
		{563A3AAC-C8BF-442C-88D4-CEE57BC6E6B2}.CD_ROM|Any CPU.ActiveCfg = Release|Any CPU
		{563A3AAC-C8BF-442C-88D4-CEE57BC6E6B2}.CD_ROM|Any CPU.Build.0 = Release|Any CPU
		{563A3AAC-C8BF-442C-88D4-CEE57BC6E6B2}.Debug|Any CPU.ActiveCfg = Debug|Any CPU
		{563A3AAC-C8BF-442C-88D4-CEE57BC6E6B2}.Debug|Any CPU.Build.0 = Debug|Any CPU
		{563A3AAC-C8BF-442C-88D4-CEE57BC6E6B2}.DVD-5|Any CPU.ActiveCfg = Debug|Any CPU
		{563A3AAC-C8BF-442C-88D4-CEE57BC6E6B2}.DVD-5|Any CPU.Build.0 = Debug|Any CPU
		{563A3AAC-C8BF-442C-88D4-CEE57BC6E6B2}.Release|Any CPU.ActiveCfg = Release|Any CPU
		{563A3AAC-C8BF-442C-88D4-CEE57BC6E6B2}.Release|Any CPU.Build.0 = Release|Any CPU
		{563A3AAC-C8BF-442C-88D4-CEE57BC6E6B2}.SingleImage|Any CPU.ActiveCfg = Release|Any CPU
		{563A3AAC-C8BF-442C-88D4-CEE57BC6E6B2}.SingleImage|Any CPU.Build.0 = Release|Any CPU
		{EE1B6A2B-16A9-4752-9BDA-2EDBF97CB665}.CD_ROM|Any CPU.ActiveCfg = Release|Any CPU
		{EE1B6A2B-16A9-4752-9BDA-2EDBF97CB665}.CD_ROM|Any CPU.Build.0 = Release|Any CPU
		{EE1B6A2B-16A9-4752-9BDA-2EDBF97CB665}.Debug|Any CPU.ActiveCfg = Debug|Any CPU
		{EE1B6A2B-16A9-4752-9BDA-2EDBF97CB665}.Debug|Any CPU.Build.0 = Debug|Any CPU
		{EE1B6A2B-16A9-4752-9BDA-2EDBF97CB665}.DVD-5|Any CPU.ActiveCfg = Debug|Any CPU
		{EE1B6A2B-16A9-4752-9BDA-2EDBF97CB665}.DVD-5|Any CPU.Build.0 = Debug|Any CPU
		{EE1B6A2B-16A9-4752-9BDA-2EDBF97CB665}.Release|Any CPU.ActiveCfg = Release|Any CPU
		{EE1B6A2B-16A9-4752-9BDA-2EDBF97CB665}.Release|Any CPU.Build.0 = Release|Any CPU
		{EE1B6A2B-16A9-4752-9BDA-2EDBF97CB665}.SingleImage|Any CPU.ActiveCfg = Release|Any CPU
		{EE1B6A2B-16A9-4752-9BDA-2EDBF97CB665}.SingleImage|Any CPU.Build.0 = Release|Any CPU
		{57D84540-66F4-4FB0-AE14-556AFAA11C5D}.CD_ROM|Any CPU.ActiveCfg = CD_ROM
		{57D84540-66F4-4FB0-AE14-556AFAA11C5D}.CD_ROM|Any CPU.Build.0 = CD_ROM
		{57D84540-66F4-4FB0-AE14-556AFAA11C5D}.Debug|Any CPU.ActiveCfg = SingleImage
		{57D84540-66F4-4FB0-AE14-556AFAA11C5D}.Debug|Any CPU.Build.0 = SingleImage
		{57D84540-66F4-4FB0-AE14-556AFAA11C5D}.DVD-5|Any CPU.ActiveCfg = DVD-5
		{57D84540-66F4-4FB0-AE14-556AFAA11C5D}.DVD-5|Any CPU.Build.0 = DVD-5
		{57D84540-66F4-4FB0-AE14-556AFAA11C5D}.Release|Any CPU.ActiveCfg = SingleImage
		{57D84540-66F4-4FB0-AE14-556AFAA11C5D}.Release|Any CPU.Build.0 = SingleImage
		{57D84540-66F4-4FB0-AE14-556AFAA11C5D}.SingleImage|Any CPU.ActiveCfg = SingleImage
		{57D84540-66F4-4FB0-AE14-556AFAA11C5D}.SingleImage|Any CPU.Build.0 = SingleImage
	EndGlobalSection
	GlobalSection(SolutionProperties) = preSolution
		HideSolutionNode = FALSE
	EndGlobalSection
EndGlobal
